{
  "name": "sam-my-portfolio-websites-master",
  "lockfileVersion": 3,
  "requires": true,
  "packages": {
    "": {
      "dependencies": {
        "anime.min.js": "^1.2.3-0"
      }
    },
    "node_modules/anime.min.js": {
      "version": "1.2.3-0",
      "resolved": "https://registry.npmjs.org/anime.min.js/-/anime.min.js-1.2.3-0.tgz",
      "integrity": "sha512-N4V7QkLsnEKJLdxe4Dv05OtgzzSKmYeynKci1au3Ctb/wklmWFWKmMP63uhz3WtV1MoN0miz/vwZvct3IqeMJw==",
      "engines": {
        "node": ">=10.0.0"
      }
    }
  }
}
